# This file is automatically @generated by Cargo.
# It is not intended for manual editing.
version = 3

[[package]]
name = "bytebuffer"
version = "2.0.1"
source = "registry+https://github.com/rust-lang/crates.io-index"
checksum = "5891af766cd0e9623eb94a3e89697e3cb0bfa661e54adea9cd55d4b377f22ae9"
dependencies = [
 "byteorder",
]

[[package]]
name = "byteorder"
version = "1.4.3"
source = "registry+https://github.com/rust-lang/crates.io-index"
checksum = "14c189c53d098945499cdfa7ecc63567cf3886b3332b312a5b4585d8d3a6a610"

[[package]]
name = "vm-16"
version = "0.1.0"
dependencies = [
 "bytebuffer",
]
